
Microsoft Visual Studio Solution File, Format Version 12.00
# Visual Studio Version 16
VisualStudioVersion = 16.0.808.7
MinimumVisualStudioVersion = 10.0.40219.1
Project("{FAE04EC0-301F-11D3-BF4B-00C04F79EFBC}") = "PhonebookApp", "PhonebookApp\PhonebookApp.csproj", "{046427F3-0037-4340-9AA7-A37DC7D54848}"
EndProject
Global
	GlobalSection(SolutionConfigurationPlatforms) = preSolution
		Debug|Any CPU = Debug|Any CPU
		Release|Any CPU = Release|Any CPU
	EndGlobalSection
	GlobalSection(ProjectConfigurationPlatforms) = postSolution
		{046427F3-0037-4340-9AA7-A37DC7D54848}.Debug|Any CPU.ActiveCfg = Debug|Any CPU
		{046427F3-0037-4340-9AA7-A37DC7D54848}.Debug|Any CPU.Build.0 = Debug|Any CPU
		{046427F3-0037-4340-9AA7-A37DC7D54848}.Release|Any CPU.ActiveCfg = Release|Any CPU
		{046427F3-0037-4340-9AA7-A37DC7D54848}.Release|Any CPU.Build.0 = Release|Any CPU
	EndGlobalSection
	GlobalSection(SolutionProperties) = preSolution
		HideSolutionNode = FALSE
	EndGlobalSection
	GlobalSection(ExtensibilityGlobals) = postSolution
		SolutionGuid = {DC84EB8C-5118-4722-843C-9DF765A07501}
	EndGlobalSection
EndGlobal
